Microsoft Visual Studio Solution File, Format Version 12.00
# Visual Studio Version 17
VisualStudioVersion = 17.5.2.0
MinimumVisualStudioVersion = 10.0.40219.1
Project("{FAE04EC0-301F-11D3-BF4B-00C04F79EFBC}") = "API_V2", "API_V2\API_V2.csproj", "{0607A1C3-F21F-3106-6650-6D4BB03FCAE9}"
EndProject
Global
	GlobalSection(SolutionConfigurationPlatforms) = preSolution
		Debug|Any CPU = Debug|Any CPU
		Release|Any CPU = Release|Any CPU
	EndGlobalSection
	GlobalSection(ProjectConfigurationPlatforms) = postSolution
		{0607A1C3-F21F-3106-6650-6D4BB03FCAE9}.Debug|Any CPU.ActiveCfg = Debug|Any CPU
		{0607A1C3-F21F-3106-6650-6D4BB03FCAE9}.Debug|Any CPU.Build.0 = Debug|Any CPU
		{0607A1C3-F21F-3106-6650-6D4BB03FCAE9}.Release|Any CPU.ActiveCfg = Release|Any CPU
		{0607A1C3-F21F-3106-6650-6D4BB03FCAE9}.Release|Any CPU.Build.0 = Release|Any CPU
	EndGlobalSection
	GlobalSection(SolutionProperties) = preSolution
		HideSolutionNode = FALSE
	EndGlobalSection
	GlobalSection(ExtensibilityGlobals) = postSolution
		SolutionGuid = {3DDF8882-522B-4C33-8790-CB3CE86CB54D}
	EndGlobalSection
EndGlobal
