Microsoft Visual Studio Solution File, Format Version 12.00
# Visual Studio Version 17
VisualStudioVersion = 17.5.2.0
MinimumVisualStudioVersion = 10.0.40219.1
Project("{FAE04EC0-301F-11D3-BF4B-00C04F79EFBC}") = "API_V2", "API_V2.csproj", "{65B93CD6-D4D3-0AF5-5F46-BE4A844EFABC}"
EndProject
Global
	GlobalSection(SolutionConfigurationPlatforms) = preSolution
		Debug|Any CPU = Debug|Any CPU
		Release|Any CPU = Release|Any CPU
	EndGlobalSection
	GlobalSection(ProjectConfigurationPlatforms) = postSolution
		{65B93CD6-D4D3-0AF5-5F46-BE4A844EFABC}.Debug|Any CPU.ActiveCfg = Debug|Any CPU
		{65B93CD6-D4D3-0AF5-5F46-BE4A844EFABC}.Debug|Any CPU.Build.0 = Debug|Any CPU
		{65B93CD6-D4D3-0AF5-5F46-BE4A844EFABC}.Release|Any CPU.ActiveCfg = Release|Any CPU
		{65B93CD6-D4D3-0AF5-5F46-BE4A844EFABC}.Release|Any CPU.Build.0 = Release|Any CPU
	EndGlobalSection
	GlobalSection(SolutionProperties) = preSolution
		HideSolutionNode = FALSE
	EndGlobalSection
	GlobalSection(ExtensibilityGlobals) = postSolution
		SolutionGuid = {735D99B1-269C-472C-B307-005CBEB166A5}
	EndGlobalSection
EndGlobal
